
Microsoft Visual Studio Solution File, Format Version 12.00
# Visual Studio Version 17
VisualStudioVersion = 17.13.35931.197 d17.13
MinimumVisualStudioVersion = 10.0.40219.1
Project("{8BC9CEB8-8B4A-11D0-8D11-00A0C91BC942}") = "pract9_sistem", "pract9_sistem.vcxproj", "{A01E72FE-0537-4498-9294-3231C9225661}"
EndProject
Project("{8BC9CEB8-8B4A-11D0-8D11-00A0C91BC942}") = "pract9_2", "..\pract9_2\pract9_2.vcxproj", "{70C18E9E-23A1-4AFD-A204-BF0CF5080155}"
EndProject
Global
	GlobalSection(SolutionConfigurationPlatforms) = preSolution
		Debug|x64 = Debug|x64
		Debug|x86 = Debug|x86
		Release|x64 = Release|x64
		Release|x86 = Release|x86
	EndGlobalSection
	GlobalSection(ProjectConfigurationPlatforms) = postSolution
		{A01E72FE-0537-4498-9294-3231C9225661}.Debug|x64.ActiveCfg = Debug|x64
		{A01E72FE-0537-4498-9294-3231C9225661}.Debug|x64.Build.0 = Debug|x64
		{A01E72FE-0537-4498-9294-3231C9225661}.Debug|x86.ActiveCfg = Debug|Win32
		{A01E72FE-0537-4498-9294-3231C9225661}.Debug|x86.Build.0 = Debug|Win32
		{A01E72FE-0537-4498-9294-3231C9225661}.Release|x64.ActiveCfg = Release|x64
		{A01E72FE-0537-4498-9294-3231C9225661}.Release|x64.Build.0 = Release|x64
		{A01E72FE-0537-4498-9294-3231C9225661}.Release|x86.ActiveCfg = Release|Win32
		{A01E72FE-0537-4498-9294-3231C9225661}.Release|x86.Build.0 = Release|Win32
		{70C18E9E-23A1-4AFD-A204-BF0CF5080155}.Debug|x64.ActiveCfg = Debug|x64
		{70C18E9E-23A1-4AFD-A204-BF0CF5080155}.Debug|x64.Build.0 = Debug|x64
		{70C18E9E-23A1-4AFD-A204-BF0CF5080155}.Debug|x86.ActiveCfg = Debug|Win32
		{70C18E9E-23A1-4AFD-A204-BF0CF5080155}.Debug|x86.Build.0 = Debug|Win32
		{70C18E9E-23A1-4AFD-A204-BF0CF5080155}.Release|x64.ActiveCfg = Release|x64
		{70C18E9E-23A1-4AFD-A204-BF0CF5080155}.Release|x64.Build.0 = Release|x64
		{70C18E9E-23A1-4AFD-A204-BF0CF5080155}.Release|x86.ActiveCfg = Release|Win32
		{70C18E9E-23A1-4AFD-A204-BF0CF5080155}.Release|x86.Build.0 = Release|Win32
	EndGlobalSection
	GlobalSection(SolutionProperties) = preSolution
		HideSolutionNode = FALSE
	EndGlobalSection
	GlobalSection(ExtensibilityGlobals) = postSolution
		SolutionGuid = {C7F3EEFC-EC0B-454D-B163-C822A65D2837}
	EndGlobalSection
EndGlobal
